<?xml version="1.0" encoding="utf-8"?>
<Project ToolsVersion="4.0" xmlns="http://schemas.microsoft.com/developer/msbuild/2003">
  <ItemGroup>
    <Filter Include="Source Files">
      <UniqueIdentifier>{4FC737F1-C7A5-4376-A066-2A32D752A2FF}</UniqueIdentifier>
      <Extensions>cpp;c;cc;cxx;def;odl;idl;hpj;bat;asm;asmx</Extensions>
    </Filter>
    <Filter Include="Header Files">
      <UniqueIdentifier>{93995380-89BD-4b04-88EB-625FBE52EBFB}</UniqueIdentifier>
      <Extensions>h;hpp;hxx;hm;inl;inc;xsd</Extensions>
    </Filter>
    <Filter Include="Source Files\platform">
      <UniqueIdentifier>{52d0cde2-7c2c-4139-8f70-af52422aa9b1}</UniqueIdentifier>
    </Filter>
    <Filter Include="Source Files\platform\win">
      <UniqueIdentifier>{4f5ae739-55a9-4f8e-99a9-8c74168a055d}</UniqueIdentifier>
    </Filter>
    <Filter Include="Source Files\d3d">
      <UniqueIdentifier>{3f70e86b-3aef-4e55-82b0-d9cb53e451db}</UniqueIdentifier>
    </Filter>
    <Filter Include="Source Files\gl">
      <UniqueIdentifier>{2001012a-b00f-40db-9949-5024dd9a68fe}</UniqueIdentifier>
    </Filter>
  </ItemGroup>
  <ItemGroup>
    <ClInclude Include="..\..\include\dhapp\app.h">
      <Filter>Header Files</Filter>
    </ClInclude>
    <ClInclude Include="..\..\include\dhapp\app-api.h">
      <Filter>Header Files</Filter>
    </ClInclude>
    <ClInclude Include="..\..\include\dhapp\init-params.h">
      <Filter>Header Files</Filter>
    </ClInclude>
    <ClInclude Include="..\..\include\dhapp\input.h">
      <Filter>Header Files</Filter>
    </ClInclude>
    <ClInclude Include="..\..\src\app\platform\win\win-keycodes.h">
      <Filter>Source Files\platform\win</Filter>
    </ClInclude>
    <ClInclude Include="..\..\src\app\gl\glfw-keycodes.h">
      <Filter>Source Files\gl</Filter>
    </ClInclude>
  </ItemGroup>
  <ItemGroup>
    <ClCompile Include="..\..\src\app\app.c">
      <Filter>Source Files</Filter>
    </ClCompile>
    <ClCompile Include="..\..\src\app\input.c">
      <Filter>Source Files</Filter>
    </ClCompile>
    <ClCompile Include="..\..\src\app\platform\win\input-win.c">
      <Filter>Source Files\platform\win</Filter>
    </ClCompile>
    <ClCompile Include="..\..\src\app\d3d\app-d3d.cpp">
      <Filter>Source Files\d3d</Filter>
    </ClCompile>
    <ClCompile Include="..\..\src\app\gl\app-gl.c">
      <Filter>Source Files\gl</Filter>
    </ClCompile>
    <ClCompile Include="..\..\src\app\gl\input-glfw.c">
      <Filter>Source Files\gl</Filter>
    </ClCompile>
  </ItemGroup>
</Project>