
Microsoft Visual Studio Solution File, Format Version 12.00
# Visual Studio 2013
VisualStudioVersion = 12.0.30501.0
MinimumVisualStudioVersion = 10.0.40219.1
Project("{8BC9CEB8-8B4A-11D0-8D11-00A0C91BC942}") = "ezxml", "ezxml\ezxml.vcxproj", "{F695E0FE-060D-41C1-89D9-545BE72E4A57}"
EndProject
Project("{8BC9CEB8-8B4A-11D0-8D11-00A0C91BC942}") = "mongoose", "mongoose\mongoose.vcxproj", "{C065924D-A77A-4BC1-8DD9-A1F8740AB532}"
EndProject
Project("{8BC9CEB8-8B4A-11D0-8D11-00A0C91BC942}") = "nvtt", "nvtt\nvtt.vcxproj", "{CD451B9B-8073-425C-AC3E-9F0AA45CFCB2}"
EndProject
Project("{8BC9CEB8-8B4A-11D0-8D11-00A0C91BC942}") = "stb_image", "stb_image\stb_image.vcxproj", "{DD6ECA1B-FAE2-4619-8BB2-A8A7BC7CB72A}"
EndProject
Project("{2150E333-8FDC-42A3-9474-1A3956D46DE8}") = "3rdparty", "3rdparty", "{C5B45F5C-96ED-4C42-BBF9-9243D6BF81E8}"
EndProject
Project("{8BC9CEB8-8B4A-11D0-8D11-00A0C91BC942}") = "dheng", "dheng\dheng.vcxproj", "{D4E90FB4-513D-43D2-9F2F-E636A1D8F9A0}"
	ProjectSection(ProjectDependencies) = postProject
		{C065924D-A77A-4BC1-8DD9-A1F8740AB532} = {C065924D-A77A-4BC1-8DD9-A1F8740AB532}
		{520AAD75-E676-49B1-9BB1-50A822BDB034} = {520AAD75-E676-49B1-9BB1-50A822BDB034}
	EndProjectSection
EndProject
Project("{2150E333-8FDC-42A3-9474-1A3956D46DE8}") = "tools", "tools", "{C8F9E404-8943-4EFD-9AF9-E316A91B35EC}"
EndProject
Project("{8BC9CEB8-8B4A-11D0-8D11-00A0C91BC942}") = "dhpak", "dhpaki\dhpaki.vcxproj", "{1FCFB51C-C171-4B81-9A81-6934BD60EF50}"
EndProject
Project("{8BC9CEB8-8B4A-11D0-8D11-00A0C91BC942}") = "h3dimport", "h3dimport\h3dimport.vcxproj", "{848548FA-555D-4E24-ADEC-A7F39A8C37E5}"
	ProjectSection(ProjectDependencies) = postProject
		{DD6ECA1B-FAE2-4619-8BB2-A8A7BC7CB72A} = {DD6ECA1B-FAE2-4619-8BB2-A8A7BC7CB72A}
		{CD451B9B-8073-425C-AC3E-9F0AA45CFCB2} = {CD451B9B-8073-425C-AC3E-9F0AA45CFCB2}
		{F695E0FE-060D-41C1-89D9-545BE72E4A57} = {F695E0FE-060D-41C1-89D9-545BE72E4A57}
	EndProjectSection
EndProject
Project("{2150E333-8FDC-42A3-9474-1A3956D46DE8}") = "tests", "tests", "{7427F40E-D182-414B-9846-CA802F9D572C}"
EndProject
Project("{8BC9CEB8-8B4A-11D0-8D11-00A0C91BC942}") = "unittest", "unit-test\unit-test.vcxproj", "{9B10E879-4738-4DDF-8679-0AC4731D760A}"
	ProjectSection(ProjectDependencies) = postProject
		{D4E90FB4-513D-43D2-9F2F-E636A1D8F9A0} = {D4E90FB4-513D-43D2-9F2F-E636A1D8F9A0}
	EndProjectSection
EndProject
Project("{8BC9CEB8-8B4A-11D0-8D11-00A0C91BC942}") = "game-test", "game-test\game-test.vcxproj", "{4185E31D-C9BE-4369-9A0E-68FC3B8C281F}"
	ProjectSection(ProjectDependencies) = postProject
		{D4E90FB4-513D-43D2-9F2F-E636A1D8F9A0} = {D4E90FB4-513D-43D2-9F2F-E636A1D8F9A0}
	EndProjectSection
EndProject
Project("{2150E333-8FDC-42A3-9474-1A3956D46DE8}") = "tutorials", "tutorials", "{046077AD-73F8-4209-9F3D-716F49C8E2BC}"
EndProject
Project("{8BC9CEB8-8B4A-11D0-8D11-00A0C91BC942}") = "helloworld", "helloworld\helloworld.vcxproj", "{51D1BADF-0823-4E8A-B7C8-550B1DDC3BD9}"
	ProjectSection(ProjectDependencies) = postProject
		{D4E90FB4-513D-43D2-9F2F-E636A1D8F9A0} = {D4E90FB4-513D-43D2-9F2F-E636A1D8F9A0}
	EndProjectSection
EndProject
Project("{8BC9CEB8-8B4A-11D0-8D11-00A0C91BC942}") = "models", "models\models.vcxproj", "{F57A139B-336D-434D-8F30-91B487C62744}"
	ProjectSection(ProjectDependencies) = postProject
		{D4E90FB4-513D-43D2-9F2F-E636A1D8F9A0} = {D4E90FB4-513D-43D2-9F2F-E636A1D8F9A0}
	EndProjectSection
EndProject
Project("{8BC9CEB8-8B4A-11D0-8D11-00A0C91BC942}") = "dhapp", "dhapp\dhapp.vcxproj", "{520AAD75-E676-49B1-9BB1-50A822BDB034}"
	ProjectSection(ProjectDependencies) = postProject
		{A774897A-ACBB-4F95-A098-15A84FC8995B} = {A774897A-ACBB-4F95-A098-15A84FC8995B}
	EndProjectSection
EndProject
Project("{8BC9CEB8-8B4A-11D0-8D11-00A0C91BC942}") = "libdhcore", "..\libdhcore\vs2013\libdhcore\libdhcore.vcxproj", "{A774897A-ACBB-4F95-A098-15A84FC8995B}"
EndProject
Global
	GlobalSection(SolutionConfigurationPlatforms) = preSolution
		Debug_Static|x64 = Debug_Static|x64
		Debug|x64 = Debug|x64
		Release_Static|x64 = Release_Static|x64
		Release|x64 = Release|x64
	EndGlobalSection
	GlobalSection(ProjectConfigurationPlatforms) = postSolution
		{F695E0FE-060D-41C1-89D9-545BE72E4A57}.Debug_Static|x64.ActiveCfg = Debug|x64
		{F695E0FE-060D-41C1-89D9-545BE72E4A57}.Debug_Static|x64.Build.0 = Debug|x64
		{F695E0FE-060D-41C1-89D9-545BE72E4A57}.Debug|x64.ActiveCfg = Debug|x64
		{F695E0FE-060D-41C1-89D9-545BE72E4A57}.Debug|x64.Build.0 = Debug|x64
		{F695E0FE-060D-41C1-89D9-545BE72E4A57}.Release_Static|x64.ActiveCfg = Release|x64
		{F695E0FE-060D-41C1-89D9-545BE72E4A57}.Release_Static|x64.Build.0 = Release|x64
		{F695E0FE-060D-41C1-89D9-545BE72E4A57}.Release|x64.ActiveCfg = Release|x64
		{F695E0FE-060D-41C1-89D9-545BE72E4A57}.Release|x64.Build.0 = Release|x64
		{C065924D-A77A-4BC1-8DD9-A1F8740AB532}.Debug_Static|x64.ActiveCfg = Debug|x64
		{C065924D-A77A-4BC1-8DD9-A1F8740AB532}.Debug_Static|x64.Build.0 = Debug|x64
		{C065924D-A77A-4BC1-8DD9-A1F8740AB532}.Debug|x64.ActiveCfg = Debug|x64
		{C065924D-A77A-4BC1-8DD9-A1F8740AB532}.Debug|x64.Build.0 = Debug|x64
		{C065924D-A77A-4BC1-8DD9-A1F8740AB532}.Release_Static|x64.ActiveCfg = Release|x64
		{C065924D-A77A-4BC1-8DD9-A1F8740AB532}.Release_Static|x64.Build.0 = Release|x64
		{C065924D-A77A-4BC1-8DD9-A1F8740AB532}.Release|x64.ActiveCfg = Release|x64
		{C065924D-A77A-4BC1-8DD9-A1F8740AB532}.Release|x64.Build.0 = Release|x64
		{CD451B9B-8073-425C-AC3E-9F0AA45CFCB2}.Debug_Static|x64.ActiveCfg = Debug|x64
		{CD451B9B-8073-425C-AC3E-9F0AA45CFCB2}.Debug_Static|x64.Build.0 = Debug|x64
		{CD451B9B-8073-425C-AC3E-9F0AA45CFCB2}.Debug|x64.ActiveCfg = Debug|x64
		{CD451B9B-8073-425C-AC3E-9F0AA45CFCB2}.Debug|x64.Build.0 = Debug|x64
		{CD451B9B-8073-425C-AC3E-9F0AA45CFCB2}.Release_Static|x64.ActiveCfg = Release|x64
		{CD451B9B-8073-425C-AC3E-9F0AA45CFCB2}.Release_Static|x64.Build.0 = Release|x64
		{CD451B9B-8073-425C-AC3E-9F0AA45CFCB2}.Release|x64.ActiveCfg = Release|x64
		{CD451B9B-8073-425C-AC3E-9F0AA45CFCB2}.Release|x64.Build.0 = Release|x64
		{DD6ECA1B-FAE2-4619-8BB2-A8A7BC7CB72A}.Debug_Static|x64.ActiveCfg = Debug|x64
		{DD6ECA1B-FAE2-4619-8BB2-A8A7BC7CB72A}.Debug_Static|x64.Build.0 = Debug|x64
		{DD6ECA1B-FAE2-4619-8BB2-A8A7BC7CB72A}.Debug|x64.ActiveCfg = Debug|x64
		{DD6ECA1B-FAE2-4619-8BB2-A8A7BC7CB72A}.Debug|x64.Build.0 = Debug|x64
		{DD6ECA1B-FAE2-4619-8BB2-A8A7BC7CB72A}.Release_Static|x64.ActiveCfg = Release|x64
		{DD6ECA1B-FAE2-4619-8BB2-A8A7BC7CB72A}.Release_Static|x64.Build.0 = Release|x64
		{DD6ECA1B-FAE2-4619-8BB2-A8A7BC7CB72A}.Release|x64.ActiveCfg = Release|x64
		{DD6ECA1B-FAE2-4619-8BB2-A8A7BC7CB72A}.Release|x64.Build.0 = Release|x64
		{D4E90FB4-513D-43D2-9F2F-E636A1D8F9A0}.Debug_Static|x64.ActiveCfg = Debug|x64
		{D4E90FB4-513D-43D2-9F2F-E636A1D8F9A0}.Debug_Static|x64.Build.0 = Debug|x64
		{D4E90FB4-513D-43D2-9F2F-E636A1D8F9A0}.Debug|x64.ActiveCfg = Debug|x64
		{D4E90FB4-513D-43D2-9F2F-E636A1D8F9A0}.Debug|x64.Build.0 = Debug|x64
		{D4E90FB4-513D-43D2-9F2F-E636A1D8F9A0}.Release_Static|x64.ActiveCfg = Release|x64
		{D4E90FB4-513D-43D2-9F2F-E636A1D8F9A0}.Release_Static|x64.Build.0 = Release|x64
		{D4E90FB4-513D-43D2-9F2F-E636A1D8F9A0}.Release|x64.ActiveCfg = Release|x64
		{D4E90FB4-513D-43D2-9F2F-E636A1D8F9A0}.Release|x64.Build.0 = Release|x64
		{1FCFB51C-C171-4B81-9A81-6934BD60EF50}.Debug_Static|x64.ActiveCfg = Debug|x64
		{1FCFB51C-C171-4B81-9A81-6934BD60EF50}.Debug_Static|x64.Build.0 = Debug|x64
		{1FCFB51C-C171-4B81-9A81-6934BD60EF50}.Debug|x64.ActiveCfg = Debug|x64
		{1FCFB51C-C171-4B81-9A81-6934BD60EF50}.Debug|x64.Build.0 = Debug|x64
		{1FCFB51C-C171-4B81-9A81-6934BD60EF50}.Release_Static|x64.ActiveCfg = Release|x64
		{1FCFB51C-C171-4B81-9A81-6934BD60EF50}.Release_Static|x64.Build.0 = Release|x64
		{1FCFB51C-C171-4B81-9A81-6934BD60EF50}.Release|x64.ActiveCfg = Release|x64
		{1FCFB51C-C171-4B81-9A81-6934BD60EF50}.Release|x64.Build.0 = Release|x64
		{848548FA-555D-4E24-ADEC-A7F39A8C37E5}.Debug_Static|x64.ActiveCfg = Debug|x64
		{848548FA-555D-4E24-ADEC-A7F39A8C37E5}.Debug_Static|x64.Build.0 = Debug|x64
		{848548FA-555D-4E24-ADEC-A7F39A8C37E5}.Debug|x64.ActiveCfg = Debug|x64
		{848548FA-555D-4E24-ADEC-A7F39A8C37E5}.Debug|x64.Build.0 = Debug|x64
		{848548FA-555D-4E24-ADEC-A7F39A8C37E5}.Release_Static|x64.ActiveCfg = Release|x64
		{848548FA-555D-4E24-ADEC-A7F39A8C37E5}.Release_Static|x64.Build.0 = Release|x64
		{848548FA-555D-4E24-ADEC-A7F39A8C37E5}.Release|x64.ActiveCfg = Release|x64
		{848548FA-555D-4E24-ADEC-A7F39A8C37E5}.Release|x64.Build.0 = Release|x64
		{9B10E879-4738-4DDF-8679-0AC4731D760A}.Debug_Static|x64.ActiveCfg = Debug|x64
		{9B10E879-4738-4DDF-8679-0AC4731D760A}.Debug_Static|x64.Build.0 = Debug|x64
		{9B10E879-4738-4DDF-8679-0AC4731D760A}.Debug|x64.ActiveCfg = Debug|x64
		{9B10E879-4738-4DDF-8679-0AC4731D760A}.Debug|x64.Build.0 = Debug|x64
		{9B10E879-4738-4DDF-8679-0AC4731D760A}.Release_Static|x64.ActiveCfg = Release|x64
		{9B10E879-4738-4DDF-8679-0AC4731D760A}.Release_Static|x64.Build.0 = Release|x64
		{9B10E879-4738-4DDF-8679-0AC4731D760A}.Release|x64.ActiveCfg = Release|x64
		{9B10E879-4738-4DDF-8679-0AC4731D760A}.Release|x64.Build.0 = Release|x64
		{4185E31D-C9BE-4369-9A0E-68FC3B8C281F}.Debug_Static|x64.ActiveCfg = Debug|x64
		{4185E31D-C9BE-4369-9A0E-68FC3B8C281F}.Debug_Static|x64.Build.0 = Debug|x64
		{4185E31D-C9BE-4369-9A0E-68FC3B8C281F}.Debug|x64.ActiveCfg = Debug|x64
		{4185E31D-C9BE-4369-9A0E-68FC3B8C281F}.Debug|x64.Build.0 = Debug|x64
		{4185E31D-C9BE-4369-9A0E-68FC3B8C281F}.Release_Static|x64.ActiveCfg = Release|x64
		{4185E31D-C9BE-4369-9A0E-68FC3B8C281F}.Release_Static|x64.Build.0 = Release|x64
		{4185E31D-C9BE-4369-9A0E-68FC3B8C281F}.Release|x64.ActiveCfg = Release|x64
		{4185E31D-C9BE-4369-9A0E-68FC3B8C281F}.Release|x64.Build.0 = Release|x64
		{51D1BADF-0823-4E8A-B7C8-550B1DDC3BD9}.Debug_Static|x64.ActiveCfg = Debug|x64
		{51D1BADF-0823-4E8A-B7C8-550B1DDC3BD9}.Debug_Static|x64.Build.0 = Debug|x64
		{51D1BADF-0823-4E8A-B7C8-550B1DDC3BD9}.Debug|x64.ActiveCfg = Debug|x64
		{51D1BADF-0823-4E8A-B7C8-550B1DDC3BD9}.Debug|x64.Build.0 = Debug|x64
		{51D1BADF-0823-4E8A-B7C8-550B1DDC3BD9}.Release_Static|x64.ActiveCfg = Release|x64
		{51D1BADF-0823-4E8A-B7C8-550B1DDC3BD9}.Release_Static|x64.Build.0 = Release|x64
		{51D1BADF-0823-4E8A-B7C8-550B1DDC3BD9}.Release|x64.ActiveCfg = Release|x64
		{51D1BADF-0823-4E8A-B7C8-550B1DDC3BD9}.Release|x64.Build.0 = Release|x64
		{F57A139B-336D-434D-8F30-91B487C62744}.Debug_Static|x64.ActiveCfg = Debug|x64
		{F57A139B-336D-434D-8F30-91B487C62744}.Debug_Static|x64.Build.0 = Debug|x64
		{F57A139B-336D-434D-8F30-91B487C62744}.Debug|x64.ActiveCfg = Debug|x64
		{F57A139B-336D-434D-8F30-91B487C62744}.Debug|x64.Build.0 = Debug|x64
		{F57A139B-336D-434D-8F30-91B487C62744}.Release_Static|x64.ActiveCfg = Release|x64
		{F57A139B-336D-434D-8F30-91B487C62744}.Release_Static|x64.Build.0 = Release|x64
		{F57A139B-336D-434D-8F30-91B487C62744}.Release|x64.ActiveCfg = Release|x64
		{F57A139B-336D-434D-8F30-91B487C62744}.Release|x64.Build.0 = Release|x64
		{520AAD75-E676-49B1-9BB1-50A822BDB034}.Debug_Static|x64.ActiveCfg = Debug|x64
		{520AAD75-E676-49B1-9BB1-50A822BDB034}.Debug_Static|x64.Build.0 = Debug|x64
		{520AAD75-E676-49B1-9BB1-50A822BDB034}.Debug|x64.ActiveCfg = Debug|x64
		{520AAD75-E676-49B1-9BB1-50A822BDB034}.Debug|x64.Build.0 = Debug|x64
		{520AAD75-E676-49B1-9BB1-50A822BDB034}.Release_Static|x64.ActiveCfg = Release|x64
		{520AAD75-E676-49B1-9BB1-50A822BDB034}.Release_Static|x64.Build.0 = Release|x64
		{520AAD75-E676-49B1-9BB1-50A822BDB034}.Release|x64.ActiveCfg = Release|x64
		{520AAD75-E676-49B1-9BB1-50A822BDB034}.Release|x64.Build.0 = Release|x64
		{A774897A-ACBB-4F95-A098-15A84FC8995B}.Debug_Static|x64.ActiveCfg = Debug_Static|x64
		{A774897A-ACBB-4F95-A098-15A84FC8995B}.Debug_Static|x64.Build.0 = Debug_Static|x64
		{A774897A-ACBB-4F95-A098-15A84FC8995B}.Debug|x64.ActiveCfg = Debug|x64
		{A774897A-ACBB-4F95-A098-15A84FC8995B}.Debug|x64.Build.0 = Debug|x64
		{A774897A-ACBB-4F95-A098-15A84FC8995B}.Release_Static|x64.ActiveCfg = Release_Static|x64
		{A774897A-ACBB-4F95-A098-15A84FC8995B}.Release_Static|x64.Build.0 = Release_Static|x64
		{A774897A-ACBB-4F95-A098-15A84FC8995B}.Release|x64.ActiveCfg = Release|x64
		{A774897A-ACBB-4F95-A098-15A84FC8995B}.Release|x64.Build.0 = Release|x64
	EndGlobalSection
	GlobalSection(SolutionProperties) = preSolution
		HideSolutionNode = FALSE
	EndGlobalSection
	GlobalSection(NestedProjects) = preSolution
		{F695E0FE-060D-41C1-89D9-545BE72E4A57} = {C5B45F5C-96ED-4C42-BBF9-9243D6BF81E8}
		{C065924D-A77A-4BC1-8DD9-A1F8740AB532} = {C5B45F5C-96ED-4C42-BBF9-9243D6BF81E8}
		{CD451B9B-8073-425C-AC3E-9F0AA45CFCB2} = {C5B45F5C-96ED-4C42-BBF9-9243D6BF81E8}
		{DD6ECA1B-FAE2-4619-8BB2-A8A7BC7CB72A} = {C5B45F5C-96ED-4C42-BBF9-9243D6BF81E8}
		{1FCFB51C-C171-4B81-9A81-6934BD60EF50} = {C8F9E404-8943-4EFD-9AF9-E316A91B35EC}
		{848548FA-555D-4E24-ADEC-A7F39A8C37E5} = {C8F9E404-8943-4EFD-9AF9-E316A91B35EC}
		{9B10E879-4738-4DDF-8679-0AC4731D760A} = {7427F40E-D182-414B-9846-CA802F9D572C}
		{4185E31D-C9BE-4369-9A0E-68FC3B8C281F} = {7427F40E-D182-414B-9846-CA802F9D572C}
		{51D1BADF-0823-4E8A-B7C8-550B1DDC3BD9} = {046077AD-73F8-4209-9F3D-716F49C8E2BC}
		{F57A139B-336D-434D-8F30-91B487C62744} = {046077AD-73F8-4209-9F3D-716F49C8E2BC}
	EndGlobalSection
EndGlobal
