<?xml version="1.0" encoding="utf-8"?>
<Project ToolsVersion="4.0" xmlns="http://schemas.microsoft.com/developer/msbuild/2003">
  <ItemGroup>
    <Filter Include="include">
      <UniqueIdentifier>{93995380-89BD-4b04-88EB-625FBE52EBFB}</UniqueIdentifier>
      <Extensions>h;hh;hpp;hxx;hm;inl;inc;xsd</Extensions>
    </Filter>
    <Filter Include="src">
      <UniqueIdentifier>{4FC737F1-C7A5-4376-A066-2A32D752A2FF}</UniqueIdentifier>
      <Extensions>cpp;c;cc;cxx;def;odl;idl;hpj;bat;asm;asmx</Extensions>
    </Filter>
    <Filter Include="src\cJSON">
      <UniqueIdentifier>{d5f1d2b8-e4be-4d82-9fc6-e52ac1aa74c2}</UniqueIdentifier>
    </Filter>
    <Filter Include="src\miniz">
      <UniqueIdentifier>{f576abba-8d56-46ab-902a-f93a0cf7cad1}</UniqueIdentifier>
    </Filter>
    <Filter Include="src\Win">
      <UniqueIdentifier>{a7fef201-f71d-427e-9012-f1c3deb6281f}</UniqueIdentifier>
    </Filter>
    <Filter Include="src\Commander">
      <UniqueIdentifier>{d7ceb874-c767-447a-a96e-b629671e806a}</UniqueIdentifier>
    </Filter>
  </ItemGroup>
  <ItemGroup>
    <ClInclude Include="..\..\libdhcore\include\dhcore\allocator.h">
      <Filter>include</Filter>
    </ClInclude>
    <ClInclude Include="..\..\libdhcore\include\dhcore\array.h">
      <Filter>include</Filter>
    </ClInclude>
    <ClInclude Include="..\..\libdhcore\include\dhcore\color.h">
      <Filter>include</Filter>
    </ClInclude>
    <ClInclude Include="..\..\libdhcore\include\dhcore\commander.h">
      <Filter>include</Filter>
    </ClInclude>
    <ClInclude Include="..\..\libdhcore\include\dhcore\core.h">
      <Filter>include</Filter>
    </ClInclude>
    <ClInclude Include="..\..\libdhcore\include\dhcore\core-api.h">
      <Filter>include</Filter>
    </ClInclude>
    <ClInclude Include="..\..\libdhcore\include\dhcore\crash.h">
      <Filter>include</Filter>
    </ClInclude>
    <ClInclude Include="..\..\libdhcore\include\dhcore\err.h">
      <Filter>include</Filter>
    </ClInclude>
    <ClInclude Include="..\..\libdhcore\include\dhcore\error-codes.h">
      <Filter>include</Filter>
    </ClInclude>
    <ClInclude Include="..\..\libdhcore\include\dhcore\file-io.h">
      <Filter>include</Filter>
    </ClInclude>
    <ClInclude Include="..\..\libdhcore\include\dhcore\freelist-alloc.h">
      <Filter>include</Filter>
    </ClInclude>
    <ClInclude Include="..\..\libdhcore\include\dhcore\hash.h">
      <Filter>include</Filter>
    </ClInclude>
    <ClInclude Include="..\..\libdhcore\include\dhcore\hash-table.h">
      <Filter>include</Filter>
    </ClInclude>
    <ClInclude Include="..\..\libdhcore\include\dhcore\hwinfo.h">
      <Filter>include</Filter>
    </ClInclude>
    <ClInclude Include="..\..\libdhcore\include\dhcore\json.h">
      <Filter>include</Filter>
    </ClInclude>
    <ClInclude Include="..\..\libdhcore\include\dhcore\linked-list.h">
      <Filter>include</Filter>
    </ClInclude>
    <ClInclude Include="..\..\libdhcore\include\dhcore\log.h">
      <Filter>include</Filter>
    </ClInclude>
    <ClInclude Include="..\..\libdhcore\include\dhcore\mem-mgr.h">
      <Filter>include</Filter>
    </ClInclude>
    <ClInclude Include="..\..\libdhcore\include\dhcore\mt.h">
      <Filter>include</Filter>
    </ClInclude>
    <ClInclude Include="..\..\libdhcore\include\dhcore\net-socket.h">
      <Filter>include</Filter>
    </ClInclude>
    <ClInclude Include="..\..\libdhcore\include\dhcore\numeric.h">
      <Filter>include</Filter>
    </ClInclude>
    <ClInclude Include="..\..\libdhcore\include\dhcore\pak-file.h">
      <Filter>include</Filter>
    </ClInclude>
    <ClInclude Include="..\..\libdhcore\include\dhcore\pak-file-fmt.h">
      <Filter>include</Filter>
    </ClInclude>
    <ClInclude Include="..\..\libdhcore\include\dhcore\path.h">
      <Filter>include</Filter>
    </ClInclude>
    <ClInclude Include="..\..\libdhcore\include\dhcore\pool-alloc.h">
      <Filter>include</Filter>
    </ClInclude>
    <ClInclude Include="..\..\libdhcore\include\dhcore\prims.h">
      <Filter>include</Filter>
    </ClInclude>
    <ClInclude Include="..\..\libdhcore\include\dhcore\queue.h">
      <Filter>include</Filter>
    </ClInclude>
    <ClInclude Include="..\..\libdhcore\include\dhcore\rpc.h">
      <Filter>include</Filter>
    </ClInclude>
    <ClInclude Include="..\..\libdhcore\include\dhcore\stack.h">
      <Filter>include</Filter>
    </ClInclude>
    <ClInclude Include="..\..\libdhcore\include\dhcore\stack-alloc.h">
      <Filter>include</Filter>
    </ClInclude>
    <ClInclude Include="..\..\libdhcore\include\dhcore\std-math.h">
      <Filter>include</Filter>
    </ClInclude>
    <ClInclude Include="..\..\libdhcore\include\dhcore\str.h">
      <Filter>include</Filter>
    </ClInclude>
    <ClInclude Include="..\..\libdhcore\include\dhcore\task-mgr.h">
      <Filter>include</Filter>
    </ClInclude>
    <ClInclude Include="..\..\libdhcore\include\dhcore\timer.h">
      <Filter>include</Filter>
    </ClInclude>
    <ClInclude Include="..\..\libdhcore\include\dhcore\types.h">
      <Filter>include</Filter>
    </ClInclude>
    <ClInclude Include="..\..\libdhcore\include\dhcore\util.h">
      <Filter>include</Filter>
    </ClInclude>
    <ClInclude Include="..\..\libdhcore\include\dhcore\variant.h">
      <Filter>include</Filter>
    </ClInclude>
    <ClInclude Include="..\..\libdhcore\include\dhcore\vec-math.h">
      <Filter>include</Filter>
    </ClInclude>
    <ClInclude Include="..\..\libdhcore\include\dhcore\win.h">
      <Filter>include</Filter>
    </ClInclude>
    <ClInclude Include="..\..\libdhcore\include\dhcore\zip.h">
      <Filter>include</Filter>
    </ClInclude>
    <ClInclude Include="..\..\libdhcore\src\core\deps\cJSON\cJSON.h">
      <Filter>src\cJSON</Filter>
    </ClInclude>
    <ClInclude Include="..\..\libdhcore\src\core\deps\miniz\miniz.h">
      <Filter>src\miniz</Filter>
    </ClInclude>
  </ItemGroup>
  <ItemGroup>
    <ClCompile Include="..\..\libdhcore\src\core\array.c">
      <Filter>src</Filter>
    </ClCompile>
    <ClCompile Include="..\..\libdhcore\src\core\core.c">
      <Filter>src</Filter>
    </ClCompile>
    <ClCompile Include="..\..\libdhcore\src\core\errors.c">
      <Filter>src</Filter>
    </ClCompile>
    <ClCompile Include="..\..\libdhcore\src\core\file-io.c">
      <Filter>src</Filter>
    </ClCompile>
    <ClCompile Include="..\..\libdhcore\src\core\freelist-alloc.c">
      <Filter>src</Filter>
    </ClCompile>
    <ClCompile Include="..\..\libdhcore\src\core\hash.c">
      <Filter>src</Filter>
    </ClCompile>
    <ClCompile Include="..\..\libdhcore\src\core\hash-table.c">
      <Filter>src</Filter>
    </ClCompile>
    <ClCompile Include="..\..\libdhcore\src\core\hwinfo.c">
      <Filter>src</Filter>
    </ClCompile>
    <ClCompile Include="..\..\libdhcore\src\core\json.c">
      <Filter>src</Filter>
    </ClCompile>
    <ClCompile Include="..\..\libdhcore\src\core\log.c">
      <Filter>src</Filter>
    </ClCompile>
    <ClCompile Include="..\..\libdhcore\src\core\mem-mgr.c">
      <Filter>src</Filter>
    </ClCompile>
    <ClCompile Include="..\..\libdhcore\src\core\net-socket.c">
      <Filter>src</Filter>
    </ClCompile>
    <ClCompile Include="..\..\libdhcore\src\core\numeric.c">
      <Filter>src</Filter>
    </ClCompile>
    <ClCompile Include="..\..\libdhcore\src\core\pak-file.c">
      <Filter>src</Filter>
    </ClCompile>
    <ClCompile Include="..\..\libdhcore\src\core\path.c">
      <Filter>src</Filter>
    </ClCompile>
    <ClCompile Include="..\..\libdhcore\src\core\pool-alloc.c">
      <Filter>src</Filter>
    </ClCompile>
    <ClCompile Include="..\..\libdhcore\src\core\prims.c">
      <Filter>src</Filter>
    </ClCompile>
    <ClCompile Include="..\..\libdhcore\src\core\rpc.c">
      <Filter>src</Filter>
    </ClCompile>
    <ClCompile Include="..\..\libdhcore\src\core\stack-alloc.c">
      <Filter>src</Filter>
    </ClCompile>
    <ClCompile Include="..\..\libdhcore\src\core\static-vars.cpp">
      <Filter>src</Filter>
    </ClCompile>
    <ClCompile Include="..\..\libdhcore\src\core\std-math.c">
      <Filter>src</Filter>
    </ClCompile>
    <ClCompile Include="..\..\libdhcore\src\core\str.c">
      <Filter>src</Filter>
    </ClCompile>
    <ClCompile Include="..\..\libdhcore\src\core\task-mgr.c">
      <Filter>src</Filter>
    </ClCompile>
    <ClCompile Include="..\..\libdhcore\src\core\timer.c">
      <Filter>src</Filter>
    </ClCompile>
    <ClCompile Include="..\..\libdhcore\src\core\util.c">
      <Filter>src</Filter>
    </ClCompile>
    <ClCompile Include="..\..\libdhcore\src\core\variant.c">
      <Filter>src</Filter>
    </ClCompile>
    <ClCompile Include="..\..\libdhcore\src\core\vec-math.c">
      <Filter>src</Filter>
    </ClCompile>
    <ClCompile Include="..\..\libdhcore\src\core\zip.c">
      <Filter>src</Filter>
    </ClCompile>
    <ClCompile Include="..\..\libdhcore\src\core\deps\cJSON\cJSON.c">
      <Filter>src\cJSON</Filter>
    </ClCompile>
    <ClCompile Include="..\..\libdhcore\src\core\platform\win\crash-win.cpp">
      <Filter>src\Win</Filter>
    </ClCompile>
    <ClCompile Include="..\..\libdhcore\src\core\platform\win\hwinfo-win.c">
      <Filter>src\Win</Filter>
    </ClCompile>
    <ClCompile Include="..\..\libdhcore\src\core\platform\win\mt-win.c">
      <Filter>src\Win</Filter>
    </ClCompile>
    <ClCompile Include="..\..\libdhcore\src\core\platform\win\timer-win.c">
      <Filter>src\Win</Filter>
    </ClCompile>
    <ClCompile Include="..\..\libdhcore\src\core\platform\win\util-win.c">
      <Filter>src\Win</Filter>
    </ClCompile>
    <ClCompile Include="..\..\libdhcore\src\core\deps\commander\commander.c">
      <Filter>src\Commander</Filter>
    </ClCompile>
    <ClCompile Include="..\..\libdhcore\src\core\deps\miniz\miniz.c">
      <Filter>src\miniz</Filter>
    </ClCompile>
  </ItemGroup>
</Project>